
Microsoft Visual Studio Solution File, Format Version 12.00
# Visual Studio Version 17
VisualStudioVersion = 17.11.35303.130
MinimumVisualStudioVersion = 10.0.40219.1
Project("{FAE04EC0-301F-11D3-BF4B-00C04F79EFBC}") = "Week5LogicalOperators", "Week5LogicalOperators\Week5LogicalOperators.csproj", "{00B61411-06AC-437F-8777-8CE699A0572E}"
EndProject
Project("{FAE04EC0-301F-11D3-BF4B-00C04F79EFBC}") = "ANDOperator", "ANDOperator\ANDOperator.csproj", "{0CA17AE5-9112-4B3A-82BF-55C5960CABC5}"
EndProject
Project("{FAE04EC0-301F-11D3-BF4B-00C04F79EFBC}") = "OROperator", "OROperator\OROperator.csproj", "{917E3AE9-6AA6-43DF-9F7C-D1FBDBACDE0F}"
EndProject
Project("{FAE04EC0-301F-11D3-BF4B-00C04F79EFBC}") = "ANDRanges", "ANDRanges\ANDRanges.csproj", "{C217A6D7-B6B7-4DC9-9046-B99CE2DEEDA6}"
EndProject
Project("{FAE04EC0-301F-11D3-BF4B-00C04F79EFBC}") = "Week5Test", "Week5Test\Week5Test.csproj", "{0F9A1A3E-FA30-4C65-BEBB-C9EC236EA8FF}"
EndProject
Global
	GlobalSection(SolutionConfigurationPlatforms) = preSolution
		Debug|Any CPU = Debug|Any CPU
		Release|Any CPU = Release|Any CPU
	EndGlobalSection
	GlobalSection(ProjectConfigurationPlatforms) = postSolution
		{00B61411-06AC-437F-8777-8CE699A0572E}.Debug|Any CPU.ActiveCfg = Debug|Any CPU
		{00B61411-06AC-437F-8777-8CE699A0572E}.Debug|Any CPU.Build.0 = Debug|Any CPU
		{00B61411-06AC-437F-8777-8CE699A0572E}.Release|Any CPU.ActiveCfg = Release|Any CPU
		{00B61411-06AC-437F-8777-8CE699A0572E}.Release|Any CPU.Build.0 = Release|Any CPU
		{0CA17AE5-9112-4B3A-82BF-55C5960CABC5}.Debug|Any CPU.ActiveCfg = Debug|Any CPU
		{0CA17AE5-9112-4B3A-82BF-55C5960CABC5}.Debug|Any CPU.Build.0 = Debug|Any CPU
		{0CA17AE5-9112-4B3A-82BF-55C5960CABC5}.Release|Any CPU.ActiveCfg = Release|Any CPU
		{0CA17AE5-9112-4B3A-82BF-55C5960CABC5}.Release|Any CPU.Build.0 = Release|Any CPU
		{917E3AE9-6AA6-43DF-9F7C-D1FBDBACDE0F}.Debug|Any CPU.ActiveCfg = Debug|Any CPU
		{917E3AE9-6AA6-43DF-9F7C-D1FBDBACDE0F}.Debug|Any CPU.Build.0 = Debug|Any CPU
		{917E3AE9-6AA6-43DF-9F7C-D1FBDBACDE0F}.Release|Any CPU.ActiveCfg = Release|Any CPU
		{917E3AE9-6AA6-43DF-9F7C-D1FBDBACDE0F}.Release|Any CPU.Build.0 = Release|Any CPU
		{C217A6D7-B6B7-4DC9-9046-B99CE2DEEDA6}.Debug|Any CPU.ActiveCfg = Debug|Any CPU
		{C217A6D7-B6B7-4DC9-9046-B99CE2DEEDA6}.Debug|Any CPU.Build.0 = Debug|Any CPU
		{C217A6D7-B6B7-4DC9-9046-B99CE2DEEDA6}.Release|Any CPU.ActiveCfg = Release|Any CPU
		{C217A6D7-B6B7-4DC9-9046-B99CE2DEEDA6}.Release|Any CPU.Build.0 = Release|Any CPU
		{0F9A1A3E-FA30-4C65-BEBB-C9EC236EA8FF}.Debug|Any CPU.ActiveCfg = Debug|Any CPU
		{0F9A1A3E-FA30-4C65-BEBB-C9EC236EA8FF}.Debug|Any CPU.Build.0 = Debug|Any CPU
		{0F9A1A3E-FA30-4C65-BEBB-C9EC236EA8FF}.Release|Any CPU.ActiveCfg = Release|Any CPU
		{0F9A1A3E-FA30-4C65-BEBB-C9EC236EA8FF}.Release|Any CPU.Build.0 = Release|Any CPU
	EndGlobalSection
	GlobalSection(SolutionProperties) = preSolution
		HideSolutionNode = FALSE
	EndGlobalSection
	GlobalSection(ExtensibilityGlobals) = postSolution
		SolutionGuid = {C223A428-A630-4230-AF09-551ED0E6F2E7}
	EndGlobalSection
EndGlobal
